
Microsoft Visual Studio Solution File, Format Version 12.00
# Visual Studio 15
VisualStudioVersion = 15.0.28307.1209
MinimumVisualStudioVersion = 10.0.40219.1
Project("{8BC9CEB8-8B4A-11D0-8D11-00A0C91BC942}") = "x86-Fun", "x86-Fun\x86-Fun.vcxproj", "{717D9D76-946A-46F2-B4FF-B70885E2BB74}"
EndProject
Global
	GlobalSection(SolutionConfigurationPlatforms) = preSolution
		Debug|x64 = Debug|x64
		Debug|x86 = Debug|x86
		Release|x64 = Release|x64
		Release|x86 = Release|x86
	EndGlobalSection
	GlobalSection(ProjectConfigurationPlatforms) = postSolution
		{717D9D76-946A-46F2-B4FF-B70885E2BB74}.Debug|x64.ActiveCfg = Debug|x64
		{717D9D76-946A-46F2-B4FF-B70885E2BB74}.Debug|x64.Build.0 = Debug|x64
		{717D9D76-946A-46F2-B4FF-B70885E2BB74}.Debug|x86.ActiveCfg = Debug|Win32
		{717D9D76-946A-46F2-B4FF-B70885E2BB74}.Debug|x86.Build.0 = Debug|Win32
		{717D9D76-946A-46F2-B4FF-B70885E2BB74}.Release|x64.ActiveCfg = Release|x64
		{717D9D76-946A-46F2-B4FF-B70885E2BB74}.Release|x64.Build.0 = Release|x64
		{717D9D76-946A-46F2-B4FF-B70885E2BB74}.Release|x86.ActiveCfg = Release|Win32
		{717D9D76-946A-46F2-B4FF-B70885E2BB74}.Release|x86.Build.0 = Release|Win32
	EndGlobalSection
	GlobalSection(SolutionProperties) = preSolution
		HideSolutionNode = FALSE
	EndGlobalSection
	GlobalSection(ExtensibilityGlobals) = postSolution
		SolutionGuid = {8B480310-3E6A-423D-82CF-3FE8CEC867A4}
	EndGlobalSection
EndGlobal
